
Microsoft Visual Studio Solution File, Format Version 12.00
# Visual Studio 15
Project("{FAE04EC0-301F-11D3-BF4B-00C04F79EFBC}") = "Assembly-CSharp", "Assembly-CSharp.csproj", "{A9F3BA94-E315-CA0A-F5FF-579974D04DEF}"
EndProject
Global
	GlobalSection(SolutionConfigurationPlatforms) = preSolution
		Debug|Any CPU = Debug|Any CPU
		Release|Any CPU = Release|Any CPU
	EndGlobalSection
	GlobalSection(ProjectConfigurationPlatforms) = postSolution
		{A9F3BA94-E315-CA0A-F5FF-579974D04DEF}.Debug|Any CPU.ActiveCfg = Debug|Any CPU
		{A9F3BA94-E315-CA0A-F5FF-579974D04DEF}.Debug|Any CPU.Build.0 = Debug|Any CPU
		{A9F3BA94-E315-CA0A-F5FF-579974D04DEF}.Release|Any CPU.ActiveCfg = Release|Any CPU
		{A9F3BA94-E315-CA0A-F5FF-579974D04DEF}.Release|Any CPU.Build.0 = Release|Any CPU
	EndGlobalSection
	GlobalSection(SolutionProperties) = preSolution
		HideSolutionNode = FALSE
	EndGlobalSection
EndGlobal
