
Microsoft Visual Studio Solution File, Format Version 12.00
# Visual Studio 15
Project("{FAE04EC0-301F-11D3-BF4B-00C04F79EFBC}") = "Assembly-CSharp", "Assembly-CSharp.csproj", "{1976019B-57AD-8565-8239-9C6AC4304EA6}"
EndProject
Project("{FAE04EC0-301F-11D3-BF4B-00C04F79EFBC}") = "Assembly-CSharp-Editor", "Assembly-CSharp-Editor.csproj", "{42F46E75-43BD-CAC5-C083-9E6C56C74BB5}"
EndProject
Global
	GlobalSection(SolutionConfigurationPlatforms) = preSolution
		Debug|Any CPU = Debug|Any CPU
		Release|Any CPU = Release|Any CPU
	EndGlobalSection
	GlobalSection(ProjectConfigurationPlatforms) = postSolution
		{1976019B-57AD-8565-8239-9C6AC4304EA6}.Debug|Any CPU.ActiveCfg = Debug|Any CPU
		{1976019B-57AD-8565-8239-9C6AC4304EA6}.Debug|Any CPU.Build.0 = Debug|Any CPU
		{1976019B-57AD-8565-8239-9C6AC4304EA6}.Release|Any CPU.ActiveCfg = Release|Any CPU
		{1976019B-57AD-8565-8239-9C6AC4304EA6}.Release|Any CPU.Build.0 = Release|Any CPU
		{42F46E75-43BD-CAC5-C083-9E6C56C74BB5}.Debug|Any CPU.ActiveCfg = Debug|Any CPU
		{42F46E75-43BD-CAC5-C083-9E6C56C74BB5}.Debug|Any CPU.Build.0 = Debug|Any CPU
		{42F46E75-43BD-CAC5-C083-9E6C56C74BB5}.Release|Any CPU.ActiveCfg = Release|Any CPU
		{42F46E75-43BD-CAC5-C083-9E6C56C74BB5}.Release|Any CPU.Build.0 = Release|Any CPU
	EndGlobalSection
	GlobalSection(SolutionProperties) = preSolution
		HideSolutionNode = FALSE
	EndGlobalSection
EndGlobal
